
Microsoft Visual Studio Solution File, Format Version 12.00
# Visual Studio Version 17
VisualStudioVersion = 17.5.33516.290
MinimumVisualStudioVersion = 10.0.40219.1
Project("{FAE04EC0-301F-11D3-BF4B-00C04F79EFBC}") = "Central_server", "Central_server.csproj", "{43C959CF-2F9D-493E-87E9-7E6A8F388276}"
EndProject
Global
	GlobalSection(SolutionConfigurationPlatforms) = preSolution
		Debug|Any CPU = Debug|Any CPU
		Release|Any CPU = Release|Any CPU
	EndGlobalSection
	GlobalSection(ProjectConfigurationPlatforms) = postSolution
		{43C959CF-2F9D-493E-87E9-7E6A8F388276}.Debug|Any CPU.ActiveCfg = Debug|Any CPU
		{43C959CF-2F9D-493E-87E9-7E6A8F388276}.Debug|Any CPU.Build.0 = Debug|Any CPU
		{43C959CF-2F9D-493E-87E9-7E6A8F388276}.Release|Any CPU.ActiveCfg = Release|Any CPU
		{43C959CF-2F9D-493E-87E9-7E6A8F388276}.Release|Any CPU.Build.0 = Release|Any CPU
	EndGlobalSection
	GlobalSection(SolutionProperties) = preSolution
		HideSolutionNode = FALSE
	EndGlobalSection
	GlobalSection(ExtensibilityGlobals) = postSolution
		SolutionGuid = {437EA892-5792-4030-AA49-309693504E16}
	EndGlobalSection
EndGlobal
